
Microsoft Visual Studio Solution File, Format Version 12.00
# Visual Studio Version 16
VisualStudioVersion = 16.0.32510.428
MinimumVisualStudioVersion = 10.0.40219.1
Project("{FAE04EC0-301F-11D3-BF4B-00C04F79EFBC}") = "StringAssign", "StringAssign.csproj", "{46C20ABF-B48D-4654-B9CA-832E90BED77E}"
EndProject
Global
	GlobalSection(SolutionConfigurationPlatforms) = preSolution
		Debug|Any CPU = Debug|Any CPU
		Release|Any CPU = Release|Any CPU
	EndGlobalSection
	GlobalSection(ProjectConfigurationPlatforms) = postSolution
		{46C20ABF-B48D-4654-B9CA-832E90BED77E}.Debug|Any CPU.ActiveCfg = Debug|Any CPU
		{46C20ABF-B48D-4654-B9CA-832E90BED77E}.Debug|Any CPU.Build.0 = Debug|Any CPU
		{46C20ABF-B48D-4654-B9CA-832E90BED77E}.Release|Any CPU.ActiveCfg = Release|Any CPU
		{46C20ABF-B48D-4654-B9CA-832E90BED77E}.Release|Any CPU.Build.0 = Release|Any CPU
	EndGlobalSection
	GlobalSection(SolutionProperties) = preSolution
		HideSolutionNode = FALSE
	EndGlobalSection
	GlobalSection(ExtensibilityGlobals) = postSolution
		SolutionGuid = {4E53B174-28AA-4B24-B234-1AB450E9C397}
	EndGlobalSection
EndGlobal
