
Microsoft Visual Studio Solution File, Format Version 12.00
# Visual Studio Version 16
VisualStudioVersion = 16.0.32510.428
MinimumVisualStudioVersion = 10.0.40219.1
Project("{FAE04EC0-301F-11D3-BF4B-00C04F79EFBC}") = "ClassesMethodsAssign2", "ClassesMethodsAssign2.csproj", "{D32A9A4C-462F-4FF5-9297-AB4DBD6F734E}"
EndProject
Global
	GlobalSection(SolutionConfigurationPlatforms) = preSolution
		Debug|Any CPU = Debug|Any CPU
		Release|Any CPU = Release|Any CPU
	EndGlobalSection
	GlobalSection(ProjectConfigurationPlatforms) = postSolution
		{D32A9A4C-462F-4FF5-9297-AB4DBD6F734E}.Debug|Any CPU.ActiveCfg = Debug|Any CPU
		{D32A9A4C-462F-4FF5-9297-AB4DBD6F734E}.Debug|Any CPU.Build.0 = Debug|Any CPU
		{D32A9A4C-462F-4FF5-9297-AB4DBD6F734E}.Release|Any CPU.ActiveCfg = Release|Any CPU
		{D32A9A4C-462F-4FF5-9297-AB4DBD6F734E}.Release|Any CPU.Build.0 = Release|Any CPU
	EndGlobalSection
	GlobalSection(SolutionProperties) = preSolution
		HideSolutionNode = FALSE
	EndGlobalSection
	GlobalSection(ExtensibilityGlobals) = postSolution
		SolutionGuid = {7FB463BE-DB2B-43FD-8A33-6DBBA779A940}
	EndGlobalSection
EndGlobal
