
Microsoft Visual Studio Solution File, Format Version 12.00
# Visual Studio Version 16
VisualStudioVersion = 16.0.32510.428
MinimumVisualStudioVersion = 10.0.40219.1
Project("{FAE04EC0-301F-11D3-BF4B-00C04F79EFBC}") = "IncomeComparison", "IncomeComparison.csproj", "{35BA5255-59CC-4198-A976-72007B68C508}"
EndProject
Global
	GlobalSection(SolutionConfigurationPlatforms) = preSolution
		Debug|Any CPU = Debug|Any CPU
		Release|Any CPU = Release|Any CPU
	EndGlobalSection
	GlobalSection(ProjectConfigurationPlatforms) = postSolution
		{35BA5255-59CC-4198-A976-72007B68C508}.Debug|Any CPU.ActiveCfg = Debug|Any CPU
		{35BA5255-59CC-4198-A976-72007B68C508}.Debug|Any CPU.Build.0 = Debug|Any CPU
		{35BA5255-59CC-4198-A976-72007B68C508}.Release|Any CPU.ActiveCfg = Release|Any CPU
		{35BA5255-59CC-4198-A976-72007B68C508}.Release|Any CPU.Build.0 = Release|Any CPU
	EndGlobalSection
	GlobalSection(SolutionProperties) = preSolution
		HideSolutionNode = FALSE
	EndGlobalSection
	GlobalSection(ExtensibilityGlobals) = postSolution
		SolutionGuid = {9858C9AA-1D67-4CE6-82B5-A3ED8EC4B759}
	EndGlobalSection
EndGlobal
