
Microsoft Visual Studio Solution File, Format Version 12.00
# Visual Studio Version 16
VisualStudioVersion = 16.0.32510.428
MinimumVisualStudioVersion = 10.0.40219.1
Project("{FAE04EC0-301F-11D3-BF4B-00C04F79EFBC}") = "WelcomeMessage", "WelcomeMessage.csproj", "{53DDB70F-E314-436E-851F-F2BE8EA0695D}"
EndProject
Global
	GlobalSection(SolutionConfigurationPlatforms) = preSolution
		Debug|Any CPU = Debug|Any CPU
		Release|Any CPU = Release|Any CPU
	EndGlobalSection
	GlobalSection(ProjectConfigurationPlatforms) = postSolution
		{53DDB70F-E314-436E-851F-F2BE8EA0695D}.Debug|Any CPU.ActiveCfg = Debug|Any CPU
		{53DDB70F-E314-436E-851F-F2BE8EA0695D}.Debug|Any CPU.Build.0 = Debug|Any CPU
		{53DDB70F-E314-436E-851F-F2BE8EA0695D}.Release|Any CPU.ActiveCfg = Release|Any CPU
		{53DDB70F-E314-436E-851F-F2BE8EA0695D}.Release|Any CPU.Build.0 = Release|Any CPU
	EndGlobalSection
	GlobalSection(SolutionProperties) = preSolution
		HideSolutionNode = FALSE
	EndGlobalSection
	GlobalSection(ExtensibilityGlobals) = postSolution
		SolutionGuid = {7D45022F-C015-49F9-9574-5FE66DD8958B}
	EndGlobalSection
EndGlobal
