
Microsoft Visual Studio Solution File, Format Version 12.00
# Visual Studio Version 16
VisualStudioVersion = 16.0.32510.428
MinimumVisualStudioVersion = 10.0.40219.1
Project("{FAE04EC0-301F-11D3-BF4B-00C04F79EFBC}") = "BooleanLogic", "BooleanLogic.csproj", "{647A1C09-EB97-4941-82E8-2CAEAE08CB88}"
EndProject
Global
	GlobalSection(SolutionConfigurationPlatforms) = preSolution
		Debug|Any CPU = Debug|Any CPU
		Release|Any CPU = Release|Any CPU
	EndGlobalSection
	GlobalSection(ProjectConfigurationPlatforms) = postSolution
		{647A1C09-EB97-4941-82E8-2CAEAE08CB88}.Debug|Any CPU.ActiveCfg = Debug|Any CPU
		{647A1C09-EB97-4941-82E8-2CAEAE08CB88}.Debug|Any CPU.Build.0 = Debug|Any CPU
		{647A1C09-EB97-4941-82E8-2CAEAE08CB88}.Release|Any CPU.ActiveCfg = Release|Any CPU
		{647A1C09-EB97-4941-82E8-2CAEAE08CB88}.Release|Any CPU.Build.0 = Release|Any CPU
	EndGlobalSection
	GlobalSection(SolutionProperties) = preSolution
		HideSolutionNode = FALSE
	EndGlobalSection
	GlobalSection(ExtensibilityGlobals) = postSolution
		SolutionGuid = {8DC574BD-F31F-4072-96D2-C85C99C33E5E}
	EndGlobalSection
EndGlobal
