
Microsoft Visual Studio Solution File, Format Version 12.00
# Visual Studio Version 16
VisualStudioVersion = 16.0.32510.428
MinimumVisualStudioVersion = 10.0.40219.1
Project("{FAE04EC0-301F-11D3-BF4B-00C04F79EFBC}") = "OperatorOverloadingAssign1", "OperatorOverloadingAssign1.csproj", "{86280330-206B-4838-97DE-CA76C067CEC8}"
EndProject
Global
	GlobalSection(SolutionConfigurationPlatforms) = preSolution
		Debug|Any CPU = Debug|Any CPU
		Release|Any CPU = Release|Any CPU
	EndGlobalSection
	GlobalSection(ProjectConfigurationPlatforms) = postSolution
		{86280330-206B-4838-97DE-CA76C067CEC8}.Debug|Any CPU.ActiveCfg = Debug|Any CPU
		{86280330-206B-4838-97DE-CA76C067CEC8}.Debug|Any CPU.Build.0 = Debug|Any CPU
		{86280330-206B-4838-97DE-CA76C067CEC8}.Release|Any CPU.ActiveCfg = Release|Any CPU
		{86280330-206B-4838-97DE-CA76C067CEC8}.Release|Any CPU.Build.0 = Release|Any CPU
	EndGlobalSection
	GlobalSection(SolutionProperties) = preSolution
		HideSolutionNode = FALSE
	EndGlobalSection
	GlobalSection(ExtensibilityGlobals) = postSolution
		SolutionGuid = {89380F26-E83E-4B37-9E09-57335889AD8B}
	EndGlobalSection
EndGlobal
