
Microsoft Visual Studio Solution File, Format Version 12.00
# Visual Studio Version 16
VisualStudioVersion = 16.0.32510.428
MinimumVisualStudioVersion = 10.0.40219.1
Project("{FAE04EC0-301F-11D3-BF4B-00C04F79EFBC}") = "ExceptionAssign", "ExceptionAssign.csproj", "{B4F9BE63-D4EE-4A40-B3E1-471F36EEB20A}"
EndProject
Global
	GlobalSection(SolutionConfigurationPlatforms) = preSolution
		Debug|Any CPU = Debug|Any CPU
		Release|Any CPU = Release|Any CPU
	EndGlobalSection
	GlobalSection(ProjectConfigurationPlatforms) = postSolution
		{B4F9BE63-D4EE-4A40-B3E1-471F36EEB20A}.Debug|Any CPU.ActiveCfg = Debug|Any CPU
		{B4F9BE63-D4EE-4A40-B3E1-471F36EEB20A}.Debug|Any CPU.Build.0 = Debug|Any CPU
		{B4F9BE63-D4EE-4A40-B3E1-471F36EEB20A}.Release|Any CPU.ActiveCfg = Release|Any CPU
		{B4F9BE63-D4EE-4A40-B3E1-471F36EEB20A}.Release|Any CPU.Build.0 = Release|Any CPU
	EndGlobalSection
	GlobalSection(SolutionProperties) = preSolution
		HideSolutionNode = FALSE
	EndGlobalSection
	GlobalSection(ExtensibilityGlobals) = postSolution
		SolutionGuid = {8D49393D-377B-4EF5-892B-D469C6E8C452}
	EndGlobalSection
EndGlobal
