
Microsoft Visual Studio Solution File, Format Version 12.00
# Visual Studio Version 16
VisualStudioVersion = 16.0.32510.428
MinimumVisualStudioVersion = 10.0.40219.1
Project("{FAE04EC0-301F-11D3-BF4B-00C04F79EFBC}") = "Assign4", "Assign4.csproj", "{E6052A6B-B021-4DFA-8EF8-3FAFF18D0179}"
EndProject
Global
	GlobalSection(SolutionConfigurationPlatforms) = preSolution
		Debug|Any CPU = Debug|Any CPU
		Release|Any CPU = Release|Any CPU
	EndGlobalSection
	GlobalSection(ProjectConfigurationPlatforms) = postSolution
		{E6052A6B-B021-4DFA-8EF8-3FAFF18D0179}.Debug|Any CPU.ActiveCfg = Debug|Any CPU
		{E6052A6B-B021-4DFA-8EF8-3FAFF18D0179}.Debug|Any CPU.Build.0 = Debug|Any CPU
		{E6052A6B-B021-4DFA-8EF8-3FAFF18D0179}.Release|Any CPU.ActiveCfg = Release|Any CPU
		{E6052A6B-B021-4DFA-8EF8-3FAFF18D0179}.Release|Any CPU.Build.0 = Release|Any CPU
	EndGlobalSection
	GlobalSection(SolutionProperties) = preSolution
		HideSolutionNode = FALSE
	EndGlobalSection
	GlobalSection(ExtensibilityGlobals) = postSolution
		SolutionGuid = {9E4FB215-BBB5-42FD-A637-CB26E2A486B5}
	EndGlobalSection
EndGlobal
