
Microsoft Visual Studio Solution File, Format Version 12.00
# Visual Studio Version 16
VisualStudioVersion = 16.0.32510.428
MinimumVisualStudioVersion = 10.0.40219.1
Project("{FAE04EC0-301F-11D3-BF4B-00C04F79EFBC}") = "AbstractAssign1", "AbstractAssign1.csproj", "{01591958-BA3B-46E7-80D9-D919BF16008F}"
EndProject
Global
	GlobalSection(SolutionConfigurationPlatforms) = preSolution
		Debug|Any CPU = Debug|Any CPU
		Release|Any CPU = Release|Any CPU
	EndGlobalSection
	GlobalSection(ProjectConfigurationPlatforms) = postSolution
		{01591958-BA3B-46E7-80D9-D919BF16008F}.Debug|Any CPU.ActiveCfg = Debug|Any CPU
		{01591958-BA3B-46E7-80D9-D919BF16008F}.Debug|Any CPU.Build.0 = Debug|Any CPU
		{01591958-BA3B-46E7-80D9-D919BF16008F}.Release|Any CPU.ActiveCfg = Release|Any CPU
		{01591958-BA3B-46E7-80D9-D919BF16008F}.Release|Any CPU.Build.0 = Release|Any CPU
	EndGlobalSection
	GlobalSection(SolutionProperties) = preSolution
		HideSolutionNode = FALSE
	EndGlobalSection
	GlobalSection(ExtensibilityGlobals) = postSolution
		SolutionGuid = {91A62E7B-1C2C-40A5-A4A1-B52B8BD9E719}
	EndGlobalSection
EndGlobal
